hash: 2c93e37b85535a6100a5145168492005f4c2eab42192f15067a415808bf8d4b5
updated: 2017-08-01T17:34:11.410436169+09:00
imports:
- name: github.com/sergi/go-diff
  version: feef008d51ad2b3778f85d387ccf91735543008d
  subpackages:
  - diffmatchpatch
testImports:
- name: github.com/pmezard/go-difflib
  version: d8ed2627bdf02c080bf22230dbb337003b7aba2d
  subpackages:
  - difflib
